
Microsoft Visual Studio Solution File, Format Version 12.00
# Visual Studio 15
VisualStudioVersion = 15.0.28307.1082
MinimumVisualStudioVersion = 10.0.40219.1
Project("{8BC9CEB8-8B4A-11D0-8D11-00A0C91BC942}") = "GFinder", "GFinder\GFinder.vcxproj", "{194714CE-2666-44DD-B269-C8FD08D1C585}"
EndProject
Global
	GlobalSection(SolutionConfigurationPlatforms) = preSolution
		Debug|x64 = Debug|x64
		Debug|x86 = Debug|x86
		Release|x64 = Release|x64
		Release|x86 = Release|x86
	EndGlobalSection
	GlobalSection(ProjectConfigurationPlatforms) = postSolution
		{194714CE-2666-44DD-B269-C8FD08D1C585}.Debug|x64.ActiveCfg = Debug|x64
		{194714CE-2666-44DD-B269-C8FD08D1C585}.Debug|x64.Build.0 = Debug|x64
		{194714CE-2666-44DD-B269-C8FD08D1C585}.Debug|x86.ActiveCfg = Debug|Win32
		{194714CE-2666-44DD-B269-C8FD08D1C585}.Debug|x86.Build.0 = Debug|Win32
		{194714CE-2666-44DD-B269-C8FD08D1C585}.Release|x64.ActiveCfg = Release|x64
		{194714CE-2666-44DD-B269-C8FD08D1C585}.Release|x64.Build.0 = Release|x64
		{194714CE-2666-44DD-B269-C8FD08D1C585}.Release|x86.ActiveCfg = Release|Win32
		{194714CE-2666-44DD-B269-C8FD08D1C585}.Release|x86.Build.0 = Release|Win32
	EndGlobalSection
	GlobalSection(SolutionProperties) = preSolution
		HideSolutionNode = FALSE
	EndGlobalSection
	GlobalSection(ExtensibilityGlobals) = postSolution
		SolutionGuid = {EF5A1A5E-5569-4943-9D50-EE331CF91C51}
	EndGlobalSection
EndGlobal
